
Microsoft Visual Studio Solution File, Format Version 12.00
# Visual Studio 15
VisualStudioVersion = 15.0.27004.2009
MinimumVisualStudioVersion = 10.0.40219.1
Project("{FAE04EC0-301F-11D3-BF4B-00C04F79EFBC}") = "TP-thread", "TP-thread\TP-thread.csproj", "{F9F79DCA-8EC9-4308-BEFC-1DDF6640BEFD}"
EndProject
Project("{FAE04EC0-301F-11D3-BF4B-00C04F79EFBC}") = "ClassLibraryPremier", "ClassLibraryPremier\ClassLibraryPremier.csproj", "{63B36A40-F185-4671-9AA6-7CD136A11074}"
EndProject
Project("{FAE04EC0-301F-11D3-BF4B-00C04F79EFBC}") = "ClassLibraryBallon", "ClassLibraryBallon\ClassLibraryBallon.csproj", "{11BFBBF3-333C-4741-9E37-7356C29734AB}"
EndProject
Global
	GlobalSection(SolutionConfigurationPlatforms) = preSolution
		Debug|Any CPU = Debug|Any CPU
		Release|Any CPU = Release|Any CPU
	EndGlobalSection
	GlobalSection(ProjectConfigurationPlatforms) = postSolution
		{F9F79DCA-8EC9-4308-BEFC-1DDF6640BEFD}.Debug|Any CPU.ActiveCfg = Debug|Any CPU
		{F9F79DCA-8EC9-4308-BEFC-1DDF6640BEFD}.Debug|Any CPU.Build.0 = Debug|Any CPU
		{F9F79DCA-8EC9-4308-BEFC-1DDF6640BEFD}.Release|Any CPU.ActiveCfg = Release|Any CPU
		{F9F79DCA-8EC9-4308-BEFC-1DDF6640BEFD}.Release|Any CPU.Build.0 = Release|Any CPU
		{63B36A40-F185-4671-9AA6-7CD136A11074}.Debug|Any CPU.ActiveCfg = Debug|Any CPU
		{63B36A40-F185-4671-9AA6-7CD136A11074}.Debug|Any CPU.Build.0 = Debug|Any CPU
		{63B36A40-F185-4671-9AA6-7CD136A11074}.Release|Any CPU.ActiveCfg = Release|Any CPU
		{63B36A40-F185-4671-9AA6-7CD136A11074}.Release|Any CPU.Build.0 = Release|Any CPU
		{11BFBBF3-333C-4741-9E37-7356C29734AB}.Debug|Any CPU.ActiveCfg = Debug|Any CPU
		{11BFBBF3-333C-4741-9E37-7356C29734AB}.Debug|Any CPU.Build.0 = Debug|Any CPU
		{11BFBBF3-333C-4741-9E37-7356C29734AB}.Release|Any CPU.ActiveCfg = Release|Any CPU
		{11BFBBF3-333C-4741-9E37-7356C29734AB}.Release|Any CPU.Build.0 = Release|Any CPU
	EndGlobalSection
	GlobalSection(SolutionProperties) = preSolution
		HideSolutionNode = FALSE
	EndGlobalSection
	GlobalSection(ExtensibilityGlobals) = postSolution
		SolutionGuid = {C3BA0149-1A5D-49B9-857B-295213F6FA33}
	EndGlobalSection
EndGlobal
